
Microsoft Visual Studio Solution File, Format Version 12.00
# Visual Studio Version 17
VisualStudioVersion = 17.8.34316.72
MinimumVisualStudioVersion = 10.0.40219.1
Project("{9A19103F-16F7-4668-BE54-9A1E7A4F7556}") = "Models", "Models.csproj", "{7807C838-1A7F-420F-9F75-BFCCDD500185}"
EndProject
Global
	GlobalSection(SolutionConfigurationPlatforms) = preSolution
		Debug|Any CPU = Debug|Any CPU
		Release|Any CPU = Release|Any CPU
	EndGlobalSection
	GlobalSection(ProjectConfigurationPlatforms) = postSolution
		{7807C838-1A7F-420F-9F75-BFCCDD500185}.Debug|Any CPU.ActiveCfg = Debug|Any CPU
		{7807C838-1A7F-420F-9F75-BFCCDD500185}.Debug|Any CPU.Build.0 = Debug|Any CPU
		{7807C838-1A7F-420F-9F75-BFCCDD500185}.Release|Any CPU.ActiveCfg = Release|Any CPU
		{7807C838-1A7F-420F-9F75-BFCCDD500185}.Release|Any CPU.Build.0 = Release|Any CPU
	EndGlobalSection
	GlobalSection(SolutionProperties) = preSolution
		HideSolutionNode = FALSE
	EndGlobalSection
	GlobalSection(ExtensibilityGlobals) = postSolution
		SolutionGuid = {65EDF33B-6AEA-46ED-8C7D-3A190A0D3267}
	EndGlobalSection
EndGlobal
